
Microsoft Visual Studio Solution File, Format Version 11.00
# Visual Studio 2010
Project("{FAE04EC0-301F-11D3-BF4B-00C04F79EFBC}") = "W04Brain", "Assembly-CSharp.csproj", "{A49D23EF-55EE-4596-61D5-50D46F523F7B}"
EndProject
Project("{FAE04EC0-301F-11D3-BF4B-00C04F79EFBC}") = "W04Brain", "Assembly-CSharp-Editor.csproj", "{7CB49EF1-CC47-ABBD-205C-2B0E3880EF56}"
EndProject
Global
	GlobalSection(SolutionConfigurationPlatforms) = preSolution
		Debug|Any CPU = Debug|Any CPU
		Release|Any CPU = Release|Any CPU
	EndGlobalSection
	GlobalSection(ProjectConfigurationPlatforms) = postSolution
		{A49D23EF-55EE-4596-61D5-50D46F523F7B}.Debug|Any CPU.ActiveCfg = Debug|Any CPU
		{A49D23EF-55EE-4596-61D5-50D46F523F7B}.Debug|Any CPU.Build.0 = Debug|Any CPU
		{A49D23EF-55EE-4596-61D5-50D46F523F7B}.Release|Any CPU.ActiveCfg = Release|Any CPU
		{A49D23EF-55EE-4596-61D5-50D46F523F7B}.Release|Any CPU.Build.0 = Release|Any CPU
		{7CB49EF1-CC47-ABBD-205C-2B0E3880EF56}.Debug|Any CPU.ActiveCfg = Debug|Any CPU
		{7CB49EF1-CC47-ABBD-205C-2B0E3880EF56}.Debug|Any CPU.Build.0 = Debug|Any CPU
		{7CB49EF1-CC47-ABBD-205C-2B0E3880EF56}.Release|Any CPU.ActiveCfg = Release|Any CPU
		{7CB49EF1-CC47-ABBD-205C-2B0E3880EF56}.Release|Any CPU.Build.0 = Release|Any CPU
	EndGlobalSection
	GlobalSection(SolutionProperties) = preSolution
		HideSolutionNode = FALSE
	EndGlobalSection
	GlobalSection(MonoDevelopProperties) = preSolution
		StartupItem = Assembly-CSharp.csproj
	EndGlobalSection
EndGlobal
